filippo.io/edwards25519 v1.1.0 h1:FNf4tywRC1HmFuKW5xopWpigGjJKiJSV0Cqo0cJWDaA=
filippo.io/edwards25519 v1.1.0/go.mod h1:BxyFTGdWcka3PhytdK4V28tE5sGfRvvvRV7EaN4VDT4=
github.com/amacneil/dbmate/v2 v2.23.0 h1:KsolutitPR4yTKHj33tdZ6Vn/bGMxXSmpg7eulBwJSc=
github.com/amacneil/dbmate/v2 v2.23.0/go.mod h1:1fPPjNwuUFqBsFjs+J8pwi9p9tpEs6ZV8kgKTSvDd90=
github.com/carlmjohnson/be v0.23.2 h1:1QjPnPJhwGUjsD9+7h98EQlKsxnG5TV+nnEvk0wnkls=
github.com/carlmjohnson/be v0.23.2/go.mod h1:KAgPUh0HpzWYZZI+IABdo80wTgY43YhbdsiLYAaSI/Q=
github.com/carlmjohnson/exitcode v0.20.2 h1:vE6rmkCGNA4kO4m1qwWIa77PKlUBVg46cNjs22eAOXE=
github.com/carlmjohnson/exitcode v0.20.2/go.mod h1:MZ6ThCDx517DQcrpYnnns1pLh8onjFl+B/AsrOrdmpc=
github.com/carlmjohnson/flagx v0.22.2 h1:UXf7gL4Ffv5RIH/HKp8CGNzDyopgezFLrDO1m4F8jWc=
github.com/carlmjohnson/flagx v0.22.2/go.mod h1:obobISvBnxgEXPLBITVXhRUOlSlzza1SGt34M64CPJc=
github.com/carlmjohnson/requests v0.24.2 h1:JDakhAmTIKL/qL/1P7Kkc2INGBJIkIFP6xUeUmPzLso=
github.com/carlmjohnson/requests v0.24.2/go.mod h1:duYA/jDnyZ6f3xbcF5PpZ9N8clgopubP2nK5i6MVMhU=
github.com/davecgh/go-spew v1.1.1 h1:vj9j/u1bqnvCEfJOwUhtlOARqs3+rkHYY13jYWTU97c=
github.com/davecgh/go-spew v1.1.1/go.mod h1:J7Y8YcW2NihsgmVo/mv3lAwl/skON4iLHjSsI+c5H38=
github.com/earthboundkid/mid v0.24.1 h1:Hz8neRUGqnghs/0UtrdoTZBis7x1OXbOHvLVQzlGXh4=
github.com/earthboundkid/mid v0.24.1/go.mod h1:hEWtmnPsQdlni4aenDZ4NQ81NesS7gas5RVoiEncpU0=
github.com/earthboundkid/versioninfo/v2 v2.24.1 h1:SJTMHaoUx3GzjjnUO1QzP3ZXK6Ee/nbWyCm58eY3oUg=
github.com/earthboundkid/versioninfo/v2 v2.24.1/go.mod h1:VcWEooDEuyUJnMfbdTh0uFN4cfEIg+kHMuWB2CDCLjw=
github.com/go-chi/chi/v5 v5.1.0 h1:acVI1TYaD+hhedDJ3r54HyA6sExp3HfXq7QWEEY/xMw=
github.com/go-chi/chi/v5 v5.1.0/go.mod h1:DslCQbL2OYiznFReuXYUmQ2hGd1aDpCnlMNITLSKoi8=
github.com/go-logfmt/logfmt v0.6.0 h1:wGYYu3uicYdqXVgoYbvnkrPVXkuLM1p1ifugDMEdRi4=
github.com/go-logfmt/logfmt v0.6.0/go.mod h1:WYhtIu8zTZfxdn5+rREduYbwxfcBr/Vr6KEVveWlfTs=
github.com/go-sql-driver/mysql v1.8.1 h1:LedoTUt/eveggdHS9qUFC1EFSa8bU2+1pZjSRpvNJ1Y=
github.com/go-sql-driver/mysql v1.8.1/go.mod h1:wEBSXgmK//2ZFJyE+qWnIsVGmvmEKlqwuVSjsCm7DZg=
github.com/lib/pq v1.10.9 h1:YXG7RB+JIjhP29X+OtkiDnYaXQwpS4JEWq7dtCCRUEw=
github.com/lib/pq v1.10.9/go.mod h1:AlVN5x4E4T544tWzH6hKfbfQvm3HdbOxrmggDNAPY9o=
github.com/mattn/go-sqlite3 v1.14.24 h1:tpSp2G2KyMnnQu99ngJ47EIkWVmliIizyZBfPrBWDRM=
github.com/mattn/go-sqlite3 v1.14.24/go.mod h1:Uh1q+B4BYcTPb+yiD3kU8Ct7aC0hY9fxUwlHK0RXw+Y=
github.com/pmezard/go-difflib v1.0.0 h1:4DBwDE0NGyQoBHbLQYPwSUPoCMWR5BEzIk/f1lZbAQM=
github.com/pmezard/go-difflib v1.0.0/go.mod h1:iKH77koFhYxTK1pcRnkKkqfTogsbg7gZNVY4sRDYZ/4=
github.com/stretchr/testify v1.9.0 h1:HtqpIVDClZ4nwg75+f6Lvsy/wHu+3BoSGCbBAcpTsTg=
github.com/stretchr/testify v1.9.0/go.mod h1:r2ic/lqez/lEtzL7wO/rwa5dbSLXVDPFyf8C91i36aY=
github.com/zenizh/go-capturer v0.0.0-20211219060012-52ea6c8fed04 h1:qXafrlZL1WsJW5OokjraLLRURHiw0OzKHD/RNdspp4w=
github.com/zenizh/go-capturer v0.0.0-20211219060012-52ea6c8fed04/go.mod h1:FiwNQxz6hGoNFBC4nIx+CxZhI3nne5RmIOlT/MXcSD4=
golang.org/x/net v0.31.0 h1:68CPQngjLL0r2AlUKiSxtQFKvzRVbnzLwMUn5SzcLHo=
golang.org/x/net v0.31.0/go.mod h1:P4fl1q7dY2hnZFxEk4pPSkDHF+QqjitcnDjUQyMM+pM=
gopkg.in/yaml.v3 v3.0.1 h1:fxVm/GzAzEWqLHuvctI91KS9hhNmmWOoWu0XTYJS7CA=
gopkg.in/yaml.v3 v3.0.1/go.mod h1:K4uyk7z7BCEPqu6E+C64Yfv1cQ7kz7rIZviUmN+EgEM=
